<?xml version="1.0" encoding="utf-8"?>
<Project ToolsVersion="4.0" xmlns="http://schemas.microsoft.com/developer/msbuild/2003">
  <ItemGroup>
    <Filter Include="Quelldateien">
      <UniqueIdentifier>{4FC737F1-C7A5-4376-A066-2A32D752A2FF}</UniqueIdentifier>
      <Extensions>cpp;c;cc;cxx;def;odl;idl;hpj;bat;asm;asmx</Extensions>
    </Filter>
    <Filter Include="Headerdateien">
      <UniqueIdentifier>{93995380-89BD-4b04-88EB-625FBE52EBFB}</UniqueIdentifier>
      <Extensions>h;hh;hpp;hxx;hm;inl;inc;xsd</Extensions>
    </Filter>
    <Filter Include="Headerdateien\Network">
      <UniqueIdentifier>{504b4380-c9c4-4453-85cc-554d9500b8b3}</UniqueIdentifier>
    </Filter>
    <Filter Include="Quelldateien\Network">
      <UniqueIdentifier>{36ea4d9c-3d1d-49d1-88a4-f38493484398}</UniqueIdentifier>
    </Filter>
    <Filter Include="Headerdateien\Core">
      <UniqueIdentifier>{2fe79100-f16b-4d1c-951d-334f215b3106}</UniqueIdentifier>
    </Filter>
    <Filter Include="Quelldateien\Core">
      <UniqueIdentifier>{fdd88c28-ae73-4151-8634-e4804a9ab19e}</UniqueIdentifier>
    </Filter>
    <Filter Include="Headerdateien\Protection">
      <UniqueIdentifier>{25ef5688-3431-4010-84bf-9cac3af2cc34}</UniqueIdentifier>
    </Filter>
    <Filter Include="Headerdateien\Protection\Protega">
      <UniqueIdentifier>{69cd544d-fc51-47fc-9d63-fed0daca8111}</UniqueIdentifier>
    </Filter>
    <Filter Include="Quelldateien\Protection">
      <UniqueIdentifier>{694885e0-1c02-4daf-b4c2-ae5085fb80f7}</UniqueIdentifier>
    </Filter>
    <Filter Include="Quelldateien\Protection\Protega">
      <UniqueIdentifier>{176431ff-aedb-4f86-9b13-0b3209eb4396}</UniqueIdentifier>
    </Filter>
    <Filter Include="Quelldateien\Tools">
      <UniqueIdentifier>{4af10ecf-95f6-4b23-bef8-a6d84f802789}</UniqueIdentifier>
    </Filter>
    <Filter Include="Headerdateien\Tools">
      <UniqueIdentifier>{5d17991a-d909-4295-8ec2-6ae718d898cc}</UniqueIdentifier>
    </Filter>
    <Filter Include="Headerdateien\Protection\Target Enviorment">
      <UniqueIdentifier>{499af7be-7fff-49e8-9d25-7aaa2f7aeef8}</UniqueIdentifier>
    </Filter>
    <Filter Include="Quelldateien\Protection\Target Enviorment">
      <UniqueIdentifier>{24bbbd57-7901-4639-9f70-b7f6673266a6}</UniqueIdentifier>
    </Filter>
    <Filter Include="Headerdateien\Data">
      <UniqueIdentifier>{821b6c15-13a3-4398-8ac6-4d429bd9fcc9}</UniqueIdentifier>
    </Filter>
    <Filter Include="Quelldateien\Data">
      <UniqueIdentifier>{41e2e1da-6c0b-4057-b0d5-775b63045fd2}</UniqueIdentifier>
    </Filter>
  </ItemGroup>
  <ItemGroup>
    <Text Include="ReadMe.txt" />
  </ItemGroup>
  <ItemGroup>
    <ClInclude Include="stdafx.h">
      <Filter>Headerdateien</Filter>
    </ClInclude>
    <ClInclude Include="targetver.h">
      <Filter>Headerdateien</Filter>
    </ClInclude>
    <ClInclude Include="Network\Network_Manager.h">
      <Filter>Headerdateien\Network</Filter>
    </ClInclude>
    <ClInclude Include="Network\Tcp_Connector.h">
      <Filter>Headerdateien\Network</Filter>
    </ClInclude>
    <ClInclude Include="Core\ProtegaCore.h">
      <Filter>Headerdateien\Core</Filter>
    </ClInclude>
    <ClInclude Include="Tools\SplashDisplayer.h">
      <Filter>Headerdateien\Tools</Filter>
    </ClInclude>
    <ClInclude Include="Protection\Protega\WatchDog_Engine.h">
      <Filter>Headerdateien\Protection\Protega</Filter>
    </ClInclude>
    <ClInclude Include="Protection\Protection_Manager.h">
      <Filter>Headerdateien\Protection</Filter>
    </ClInclude>
    <ClInclude Include="Protection\Target Enviorment\File_Protection_Engine.h">
      <Filter>Headerdateien\Protection\Target Enviorment</Filter>
    </ClInclude>
    <ClInclude Include="Protection\Target Enviorment\Heuristic_Scan_Engine.h">
      <Filter>Headerdateien\Protection\Target Enviorment</Filter>
    </ClInclude>
    <ClInclude Include="Protection\Target Enviorment\Virtual_Memory_Protection_Engine.h">
      <Filter>Headerdateien\Protection\Target Enviorment</Filter>
    </ClInclude>
    <ClInclude Include="Tools\CryptoPP_AES_Converter.h">
      <Filter>Headerdateien\Tools</Filter>
    </ClInclude>
    <ClInclude Include="Data\Data_Gathering.h">
      <Filter>Headerdateien\Data</Filter>
    </ClInclude>
    <ClInclude Include="Data\Data_Manager.h">
      <Filter>Headerdateien\Data</Filter>
    </ClInclude>
  </ItemGroup>
  <ItemGroup>
    <ClCompile Include="stdafx.cpp">
      <Filter>Quelldateien</Filter>
    </ClCompile>
    <ClCompile Include="dllmain.cpp">
      <Filter>Quelldateien</Filter>
    </ClCompile>
    <ClCompile Include="Network\Network_Manager.cpp">
      <Filter>Quelldateien\Network</Filter>
    </ClCompile>
    <ClCompile Include="Network\Tcp_Connector.cpp">
      <Filter>Quelldateien\Network</Filter>
    </ClCompile>
    <ClCompile Include="Core\ProtegaCore.cpp">
      <Filter>Quelldateien\Core</Filter>
    </ClCompile>
    <ClCompile Include="Tools\SplashDisplayer.cpp">
      <Filter>Quelldateien\Tools</Filter>
    </ClCompile>
    <ClCompile Include="Protection\Protega\WatchDog_Engine.cpp">
      <Filter>Quelldateien\Protection\Protega</Filter>
    </ClCompile>
    <ClCompile Include="Protection\Protection_Manager.cpp">
      <Filter>Quelldateien\Protection</Filter>
    </ClCompile>
    <ClCompile Include="Protection\Target Enviorment\File_Protection_Engine.cpp">
      <Filter>Quelldateien\Protection\Target Enviorment</Filter>
    </ClCompile>
    <ClCompile Include="Protection\Target Enviorment\Heuristic_Scan_Engine.cpp">
      <Filter>Quelldateien\Protection\Target Enviorment</Filter>
    </ClCompile>
    <ClCompile Include="Protection\Target Enviorment\Virtual_Memory_Protection_Engine.cpp">
      <Filter>Quelldateien\Protection\Target Enviorment</Filter>
    </ClCompile>
    <ClCompile Include="Tools\CryptoPP_AES_Converter.cpp">
      <Filter>Quelldateien\Tools</Filter>
    </ClCompile>
    <ClCompile Include="Data\Data_Gathering.cpp">
      <Filter>Quelldateien\Data</Filter>
    </ClCompile>
    <ClCompile Include="Data\Data_Manager.cpp">
      <Filter>Quelldateien\Data</Filter>
    </ClCompile>
  </ItemGroup>
</Project>